
Microsoft Visual Studio Solution File, Format Version 12.00
# Visual Studio Version 16
VisualStudioVersion = 16.0.30225.117
MinimumVisualStudioVersion = 10.0.40219.1
Project("{9A19103F-16F7-4668-BE54-9A1E7A4F7556}") = "eShopSolution.WebApp", "eShopSolution.WebApp\eShopSolution.WebApp.csproj", "{B39A32B7-1D2D-48FE-90D4-17F02FA2E528}"
EndProject
Project("{9A19103F-16F7-4668-BE54-9A1E7A4F7556}") = "eShopSolution.Utilities", "eShopSolution.Utilities\eShopSolution.Utilities.csproj", "{758E8590-EA50-4F5F-8A3F-49D1E2E395DB}"
EndProject
Project("{2150E333-8FDC-42A3-9474-1A3956D46DE8}") = "Infrastructure", "Infrastructure", "{99C9C6B6-CA56-4C60-B038-C36D8DBF9942}"
EndProject
Project("{2150E333-8FDC-42A3-9474-1A3956D46DE8}") = "Host", "Host", "{8ECBC5EC-C85B-4FBE-8AE1-7F8F3F557F91}"
EndProject
Project("{2150E333-8FDC-42A3-9474-1A3956D46DE8}") = "Domain", "Domain", "{5AC010D1-2D95-4D4F-92A8-683EC5129E46}"
EndProject
Project("{9A19103F-16F7-4668-BE54-9A1E7A4F7556}") = "eShopSolution.Data", "eShopSolution.Data\eShopSolution.Data.csproj", "{116940D5-465D-4FFC-8F1F-DCAE504E2ECB}"
EndProject
Project("{9A19103F-16F7-4668-BE54-9A1E7A4F7556}") = "eShopSolution.Application", "eShopSolution.Application\eShopSolution.Application.csproj", "{288D5CAB-F733-4008-81A0-F2A3B99F8CA2}"
EndProject
Project("{9A19103F-16F7-4668-BE54-9A1E7A4F7556}") = "eShopSolution.ViewModels", "eShopSolution.ViewModels\eShopSolution.ViewModels.csproj", "{92B735F1-050E-4B09-BDE5-62003F05C45B}"
EndProject
Project("{9A19103F-16F7-4668-BE54-9A1E7A4F7556}") = "eShopSolution.AdminApp", "eShopSolution.AdminApp\eShopSolution.AdminApp.csproj", "{1F976CE0-7A19-403A-A30F-8A68EC3F38BF}"
EndProject
Project("{FAE04EC0-301F-11D3-BF4B-00C04F79EFBC}") = "eShopSolution.Backend_API", "eShopSolution.Backend_API\eShopSolution.Backend_API.csproj", "{FDDEA9A4-8176-4ED2-8046-587F950AEA2A}"
EndProject
Global
	GlobalSection(SolutionConfigurationPlatforms) = preSolution
		Debug|Any CPU = Debug|Any CPU
		Release|Any CPU = Release|Any CPU
	EndGlobalSection
	GlobalSection(ProjectConfigurationPlatforms) = postSolution
		{B39A32B7-1D2D-48FE-90D4-17F02FA2E528}.Debug|Any CPU.ActiveCfg = Debug|Any CPU
		{B39A32B7-1D2D-48FE-90D4-17F02FA2E528}.Debug|Any CPU.Build.0 = Debug|Any CPU
		{B39A32B7-1D2D-48FE-90D4-17F02FA2E528}.Release|Any CPU.ActiveCfg = Release|Any CPU
		{B39A32B7-1D2D-48FE-90D4-17F02FA2E528}.Release|Any CPU.Build.0 = Release|Any CPU
		{758E8590-EA50-4F5F-8A3F-49D1E2E395DB}.Debug|Any CPU.ActiveCfg = Debug|Any CPU
		{758E8590-EA50-4F5F-8A3F-49D1E2E395DB}.Debug|Any CPU.Build.0 = Debug|Any CPU
		{758E8590-EA50-4F5F-8A3F-49D1E2E395DB}.Release|Any CPU.ActiveCfg = Release|Any CPU
		{758E8590-EA50-4F5F-8A3F-49D1E2E395DB}.Release|Any CPU.Build.0 = Release|Any CPU
		{116940D5-465D-4FFC-8F1F-DCAE504E2ECB}.Debug|Any CPU.ActiveCfg = Debug|Any CPU
		{116940D5-465D-4FFC-8F1F-DCAE504E2ECB}.Debug|Any CPU.Build.0 = Debug|Any CPU
		{116940D5-465D-4FFC-8F1F-DCAE504E2ECB}.Release|Any CPU.ActiveCfg = Release|Any CPU
		{116940D5-465D-4FFC-8F1F-DCAE504E2ECB}.Release|Any CPU.Build.0 = Release|Any CPU
		{288D5CAB-F733-4008-81A0-F2A3B99F8CA2}.Debug|Any CPU.ActiveCfg = Debug|Any CPU
		{288D5CAB-F733-4008-81A0-F2A3B99F8CA2}.Debug|Any CPU.Build.0 = Debug|Any CPU
		{288D5CAB-F733-4008-81A0-F2A3B99F8CA2}.Release|Any CPU.ActiveCfg = Release|Any CPU
		{288D5CAB-F733-4008-81A0-F2A3B99F8CA2}.Release|Any CPU.Build.0 = Release|Any CPU
		{92B735F1-050E-4B09-BDE5-62003F05C45B}.Debug|Any CPU.ActiveCfg = Debug|Any CPU
		{92B735F1-050E-4B09-BDE5-62003F05C45B}.Debug|Any CPU.Build.0 = Debug|Any CPU
		{92B735F1-050E-4B09-BDE5-62003F05C45B}.Release|Any CPU.ActiveCfg = Release|Any CPU
		{92B735F1-050E-4B09-BDE5-62003F05C45B}.Release|Any CPU.Build.0 = Release|Any CPU
		{1F976CE0-7A19-403A-A30F-8A68EC3F38BF}.Debug|Any CPU.ActiveCfg = Debug|Any CPU
		{1F976CE0-7A19-403A-A30F-8A68EC3F38BF}.Debug|Any CPU.Build.0 = Debug|Any CPU
		{1F976CE0-7A19-403A-A30F-8A68EC3F38BF}.Release|Any CPU.ActiveCfg = Release|Any CPU
		{1F976CE0-7A19-403A-A30F-8A68EC3F38BF}.Release|Any CPU.Build.0 = Release|Any CPU
		{FDDEA9A4-8176-4ED2-8046-587F950AEA2A}.Debug|Any CPU.ActiveCfg = Debug|Any CPU
		{FDDEA9A4-8176-4ED2-8046-587F950AEA2A}.Debug|Any CPU.Build.0 = Debug|Any CPU
		{FDDEA9A4-8176-4ED2-8046-587F950AEA2A}.Release|Any CPU.ActiveCfg = Release|Any CPU
		{FDDEA9A4-8176-4ED2-8046-587F950AEA2A}.Release|Any CPU.Build.0 = Release|Any CPU
	EndGlobalSection
	GlobalSection(SolutionProperties) = preSolution
		HideSolutionNode = FALSE
	EndGlobalSection
	GlobalSection(NestedProjects) = preSolution
		{B39A32B7-1D2D-48FE-90D4-17F02FA2E528} = {8ECBC5EC-C85B-4FBE-8AE1-7F8F3F557F91}
		{758E8590-EA50-4F5F-8A3F-49D1E2E395DB} = {99C9C6B6-CA56-4C60-B038-C36D8DBF9942}
		{116940D5-465D-4FFC-8F1F-DCAE504E2ECB} = {5AC010D1-2D95-4D4F-92A8-683EC5129E46}
		{288D5CAB-F733-4008-81A0-F2A3B99F8CA2} = {5AC010D1-2D95-4D4F-92A8-683EC5129E46}
		{92B735F1-050E-4B09-BDE5-62003F05C45B} = {99C9C6B6-CA56-4C60-B038-C36D8DBF9942}
		{1F976CE0-7A19-403A-A30F-8A68EC3F38BF} = {8ECBC5EC-C85B-4FBE-8AE1-7F8F3F557F91}
		{FDDEA9A4-8176-4ED2-8046-587F950AEA2A} = {8ECBC5EC-C85B-4FBE-8AE1-7F8F3F557F91}
	EndGlobalSection
	GlobalSection(ExtensibilityGlobals) = postSolution
		SolutionGuid = {40EC7025-CEAD-470C-A677-9D0C7B69C70E}
	EndGlobalSection
EndGlobal
